
Microsoft Visual Studio Solution File, Format Version 12.00
# Visual Studio Version 17
VisualStudioVersion = 17.9.34902.65
MinimumVisualStudioVersion = 10.0.40219.1
Project("{9A19103F-16F7-4668-BE54-9A1E7A4F7556}") = "LMS.API", "LMS.API\LMS.API.csproj", "{729A94CE-4A8E-4136-88D7-2AB282768FDA}"
	ProjectSection(ProjectDependencies) = postProject
		{8B0DC12A-A2AC-4953-8D29-D15390A4C3B7} = {8B0DC12A-A2AC-4953-8D29-D15390A4C3B7}
	EndProjectSection
EndProject
Project("{9A19103F-16F7-4668-BE54-9A1E7A4F7556}") = "LMS.Common", "LMS.Common\LMS.Common.csproj", "{220686AD-E988-4BF9-A668-0953C7DB7D4F}"
EndProject
Project("{9A19103F-16F7-4668-BE54-9A1E7A4F7556}") = "LMS.DataAccess", "LMS.DataAccess\LMS.DataAccess.csproj", "{92238599-29EB-4241-84CC-D4F0DF4F6DA4}"
	ProjectSection(ProjectDependencies) = postProject
		{220686AD-E988-4BF9-A668-0953C7DB7D4F} = {220686AD-E988-4BF9-A668-0953C7DB7D4F}
	EndProjectSection
EndProject
Project("{9A19103F-16F7-4668-BE54-9A1E7A4F7556}") = "LMS.Service", "LMS.Service\LMS.Service.csproj", "{8B0DC12A-A2AC-4953-8D29-D15390A4C3B7}"
	ProjectSection(ProjectDependencies) = postProject
		{220686AD-E988-4BF9-A668-0953C7DB7D4F} = {220686AD-E988-4BF9-A668-0953C7DB7D4F}
		{92238599-29EB-4241-84CC-D4F0DF4F6DA4} = {92238599-29EB-4241-84CC-D4F0DF4F6DA4}
	EndProjectSection
EndProject
Global
	GlobalSection(SolutionConfigurationPlatforms) = preSolution
		Debug|Any CPU = Debug|Any CPU
		Release|Any CPU = Release|Any CPU
	EndGlobalSection
	GlobalSection(ProjectConfigurationPlatforms) = postSolution
		{729A94CE-4A8E-4136-88D7-2AB282768FDA}.Debug|Any CPU.ActiveCfg = Debug|Any CPU
		{729A94CE-4A8E-4136-88D7-2AB282768FDA}.Debug|Any CPU.Build.0 = Debug|Any CPU
		{729A94CE-4A8E-4136-88D7-2AB282768FDA}.Release|Any CPU.ActiveCfg = Release|Any CPU
		{729A94CE-4A8E-4136-88D7-2AB282768FDA}.Release|Any CPU.Build.0 = Release|Any CPU
		{220686AD-E988-4BF9-A668-0953C7DB7D4F}.Debug|Any CPU.ActiveCfg = Debug|Any CPU
		{220686AD-E988-4BF9-A668-0953C7DB7D4F}.Debug|Any CPU.Build.0 = Debug|Any CPU
		{220686AD-E988-4BF9-A668-0953C7DB7D4F}.Release|Any CPU.ActiveCfg = Release|Any CPU
		{220686AD-E988-4BF9-A668-0953C7DB7D4F}.Release|Any CPU.Build.0 = Release|Any CPU
		{92238599-29EB-4241-84CC-D4F0DF4F6DA4}.Debug|Any CPU.ActiveCfg = Debug|Any CPU
		{92238599-29EB-4241-84CC-D4F0DF4F6DA4}.Debug|Any CPU.Build.0 = Debug|Any CPU
		{92238599-29EB-4241-84CC-D4F0DF4F6DA4}.Release|Any CPU.ActiveCfg = Release|Any CPU
		{92238599-29EB-4241-84CC-D4F0DF4F6DA4}.Release|Any CPU.Build.0 = Release|Any CPU
		{8B0DC12A-A2AC-4953-8D29-D15390A4C3B7}.Debug|Any CPU.ActiveCfg = Debug|Any CPU
		{8B0DC12A-A2AC-4953-8D29-D15390A4C3B7}.Debug|Any CPU.Build.0 = Debug|Any CPU
		{8B0DC12A-A2AC-4953-8D29-D15390A4C3B7}.Release|Any CPU.ActiveCfg = Release|Any CPU
		{8B0DC12A-A2AC-4953-8D29-D15390A4C3B7}.Release|Any CPU.Build.0 = Release|Any CPU
	EndGlobalSection
	GlobalSection(SolutionProperties) = preSolution
		HideSolutionNode = FALSE
	EndGlobalSection
	GlobalSection(ExtensibilityGlobals) = postSolution
		SolutionGuid = {7C25EC03-3E39-4B8E-BCD3-588D88744BB3}
	EndGlobalSection
EndGlobal
